// !$*UTF8*$!
{
	archiveVersion = 1;
	classes = {
	};
	objectVersion = 46;
	objects = {

/* Begin PBXBuildFile section */
		840B0BB41C5A210000E5C807 /* AppDelegate.swift in Sources */ = {isa = PBXBuildFile; fileRef = 840B0BB31C5A210000E5C807 /* AppDelegate.swift */; };
		840B0BB61C5A210000E5C807 /* ViewController.swift in Sources */ = {isa = PBXBuildFile; fileRef = 840B0BB51C5A210000E5C807 /* ViewController.swift */; };
		840B0BB91C5A210000E5C807 /* Main.storyboard in Resources */ = {isa = PBXBuildFile; fileRef = 840B0BB71C5A210000E5C807 /* Main.storyboard */; };
		840B0BBB1C5A210000E5C807 /* Assets.xcassets in Resources */ = {isa = PBXBuildFile; fileRef = 840B0BBA1C5A210000E5C807 /* Assets.xcassets */; };
		840B0BC91C5A3ACD00E5C807 /* LaunchScreen.xib in Resources */ = {isa = PBXBuildFile; fileRef = 840B0BC81C5A3ACD00E5C807 /* LaunchScreen.xib */; };
		840B0BD21C5B9E7D00E5C807 /* MyCustomViewIn.xib in Resources */ = {isa = PBXBuildFile; fileRef = 840B0BD11C5B9E7D00E5C807 /* MyCustomViewIn.xib */; };
		840B0BD41C5B9F1200E5C807 /* MyCustomViewIn.swift in Sources */ = {isa = PBXBuildFile; fileRef = 840B0BD31C5B9F1200E5C807 /* MyCustomViewIn.swift */; };
		840B0BD71C5D0FDE00E5C807 /* TableViewObject.swift in Sources */ = {isa = PBXBuildFile; fileRef = 840B0BD61C5D0FDE00E5C807 /* TableViewObject.swift */; };
		840B0BD91C5D100C00E5C807 /* TableViewView.swift in Sources */ = {isa = PBXBuildFile; fileRef = 840B0BD81C5D100C00E5C807 /* TableViewView.swift */; };
		840B0BDB1C5D12C800E5C807 /* TableViewManager.swift in Sources */ = {isa = PBXBuildFile; fileRef = 840B0BDA1C5D12C800E5C807 /* TableViewManager.swift */; };
		840B0BDE1C5E286C00E5C807 /* Blog.swift in Sources */ = {isa = PBXBuildFile; fileRef = 840B0BDD1C5E286C00E5C807 /* Blog.swift */; };
/* End PBXBuildFile section */

/* Begin PBXFileReference section */
		840B0BB01C5A210000E5C807 /* test_CustomViewController.app */ = {isa = PBXFileReference; explicitFileType = wrapper.application; includeInIndex = 0; path = test_CustomViewController.app; sourceTree = BUILT_PRODUCTS_DIR; };
		840B0BB31C5A210000E5C807 /* AppDelegate.swift */ = {isa = PBXFileReference; lastKnownFileType = sourcecode.swift; path = AppDelegate.swift; sourceTree = "<group>"; };
		840B0BB51C5A210000E5C807 /* ViewController.swift */ = {isa = PBXFileReference; lastKnownFileType = sourcecode.swift; path = ViewController.swift; sourceTree = "<group>"; };
		840B0BB81C5A210000E5C807 /* Base */ = {isa = PBXFileReference; lastKnownFileType = file.storyboard; name = Base; path = Base.lproj/Main.storyboard; sourceTree = "<group>"; };
		840B0BBA1C5A210000E5C807 /* Assets.xcassets */ = {isa = PBXFileReference; lastKnownFileType = folder.assetcatalog; path = Assets.xcassets; sourceTree = "<group>"; };
		840B0BBF1C5A210000E5C807 /* Info.plist */ = {isa = PBXFileReference; lastKnownFileType = text.plist.xml; path = Info.plist; sourceTree = "<group>"; };
		840B0BC81C5A3ACD00E5C807 /* LaunchScreen.xib */ = {isa = PBXFileReference; fileEncoding = 4; lastKnownFileType = file.xib; path = LaunchScreen.xib; sourceTree = "<group>"; };
		840B0BD11C5B9E7D00E5C807 /* MyCustomViewIn.xib */ = {isa = PBXFileReference; fileEncoding = 4; lastKnownFileType = file.xib; path = MyCustomViewIn.xib; sourceTree = "<group>"; };
		840B0BD31C5B9F1200E5C807 /* MyCustomViewIn.swift */ = {isa = PBXFileReference; fileEncoding = 4; lastKnownFileType = sourcecode.swift; path = MyCustomViewIn.swift; sourceTree = "<group>"; };
		840B0BD61C5D0FDE00E5C807 /* TableViewObject.swift */ = {isa = PBXFileReference; fileEncoding = 4; lastKnownFileType = sourcecode.swift; name = TableViewObject.swift; path = ../TableViewObject.swift; sourceTree = "<group>"; };
		840B0BD81C5D100C00E5C807 /* TableViewView.swift */ = {isa = PBXFileReference; fileEncoding = 4; lastKnownFileType = sourcecode.swift; path = TableViewView.swift; sourceTree = "<group>"; };
		840B0BDA1C5D12C800E5C807 /* TableViewManager.swift */ = {isa = PBXFileReference; fileEncoding = 4; lastKnownFileType = sourcecode.swift; path = TableViewManager.swift; sourceTree = "<group>"; };
		840B0BDD1C5E286C00E5C807 /* Blog.swift */ = {isa = PBXFileReference; fileEncoding = 4; lastKnownFileType = sourcecode.swift; path = Blog.swift; sourceTree = "<group>"; };
/* End PBXFileReference section */

/* Begin PBXFrameworksBuildPhase section */
		840B0BAD1C5A210000E5C807 /* Frameworks */ = {
			isa = PBXFrameworksBuildPhase;
			buildActionMask = 2147483647;
			files = (
			);
			runOnlyForDeploymentPostprocessing = 0;
		};
/* End PBXFrameworksBuildPhase section */

/* Begin PBXGroup section */
		840B0BA71C5A210000E5C807 = {
			isa = PBXGroup;
			children = (
				840B0BB21C5A210000E5C807 /* test_CustomViewController */,
				840B0BB11C5A210000E5C807 /* Products */,
			);
			sourceTree = "<group>";
		};
		840B0BB11C5A210000E5C807 /* Products */ = {
			isa = PBXGroup;
			children = (
				840B0BB01C5A210000E5C807 /* test_CustomViewController.app */,
			);
			name = Products;
			sourceTree = "<group>";
		};
		840B0BB21C5A210000E5C807 /* test_CustomViewController */ = {
			isa = PBXGroup;
			children = (
				840B0BC51C5A349900E5C807 /* Model */,
				840B0BC61C5A34A200E5C807 /* View */,
				840B0BC71C5A34A900E5C807 /* Controller */,
				840B0BB31C5A210000E5C807 /* AppDelegate.swift */,
				840B0BB71C5A210000E5C807 /* Main.storyboard */,
				840B0BBA1C5A210000E5C807 /* Assets.xcassets */,
				840B0BC81C5A3ACD00E5C807 /* LaunchScreen.xib */,
				840B0BBF1C5A210000E5C807 /* Info.plist */,
			);
			path = test_CustomViewController;
			sourceTree = "<group>";
		};
		840B0BC51C5A349900E5C807 /* Model */ = {
			isa = PBXGroup;
			children = (
				840B0BD61C5D0FDE00E5C807 /* TableViewObject.swift */,
				840B0BDD1C5E286C00E5C807 /* Blog.swift */,
				840B0BD31C5B9F1200E5C807 /* MyCustomViewIn.swift */,
			);
			name = Model;
			sourceTree = "<group>";
		};
		840B0BC61C5A34A200E5C807 /* View */ = {
			isa = PBXGroup;
			children = (
				840B0BD11C5B9E7D00E5C807 /* MyCustomViewIn.xib */,
				840B0BD81C5D100C00E5C807 /* TableViewView.swift */,
			);
			name = View;
			sourceTree = "<group>";
		};
		840B0BC71C5A34A900E5C807 /* Controller */ = {
			isa = PBXGroup;
			children = (
				840B0BB51C5A210000E5C807 /* ViewController.swift */,
				840B0BDA1C5D12C800E5C807 /* TableViewManager.swift */,
			);
			name = Controller;
			sourceTree = "<group>";
		};
/* End PBXGroup section */

/* Begin PBXNativeTarget section */
		840B0BAF1C5A210000E5C807 /* test_CustomViewController */ = {
			isa = PBXNativeTarget;
			buildConfigurationList = 840B0BC21C5A210000E5C807 /* Build configuration list for PBXNativeTarget "test_CustomViewController" */;
			buildPhases = (
				840B0BAC1C5A210000E5C807 /* Sources */,
				840B0BAD1C5A210000E5C807 /* Frameworks */,
				840B0BAE1C5A210000E5C807 /* Resources */,
			);
			buildRules = (
			);
			dependencies = (
			);
			name = test_CustomViewController;
			productName = test_CustomViewController;
			productReference = 840B0BB01C5A210000E5C807 /* test_CustomViewController.app */;
			productType = "com.apple.product-type.application";
		};
/* End PBXNativeTarget section */

/* Begin PBXProject section */
		840B0BA81C5A210000E5C807 /* Project object */ = {
			isa = PBXProject;
			attributes = {
				LastSwiftUpdateCheck = 0720;
				LastUpgradeCheck = 0720;
				ORGANIZATIONNAME = Admin;
				TargetAttributes = {
					840B0BAF1C5A210000E5C807 = {
						CreatedOnToolsVersion = 7.2;
						DevelopmentTeam = KQ5WJ6ZC4G;
					};
				};
			};
			buildConfigurationList = 840B0BAB1C5A210000E5C807 /* Build configuration list for PBXProject "test_CustomViewController" */;
			compatibilityVersion = "Xcode 3.2";
			developmentRegion = English;
			hasScannedForEncodings = 0;
			knownRegions = (
				en,
				Base,
			);
			mainGroup = 840B0BA71C5A210000E5C807;
			productRefGroup = 840B0BB11C5A210000E5C807 /* Products */;
			projectDirPath = "";
			projectRoot = "";
			targets = (
				840B0BAF1C5A210000E5C807 /* test_CustomViewController */,
			);
		};
/* End PBXProject section */

/* Begin PBXResourcesBuildPhase section */
		840B0BAE1C5A210000E5C807 /* Resources */ = {
			isa = PBXResourcesBuildPhase;
			buildActionMask = 2147483647;
			files = (
				840B0BC91C5A3ACD00E5C807 /* LaunchScreen.xib in Resources */,
				840B0BBB1C5A210000E5C807 /* Assets.xcassets in Resources */,
				840B0BD21C5B9E7D00E5C807 /* MyCustomViewIn.xib in Resources */,
				840B0BB91C5A210000E5C807 /* Main.storyboard in Resources */,
			);
			runOnlyForDeploymentPostprocessing = 0;
		};
/* End PBXResourcesBuildPhase section */

/* Begin PBXSourcesBuildPhase section */
		840B0BAC1C5A210000E5C807 /* Sources */ = {
			isa = PBXSourcesBuildPhase;
			buildActionMask = 2147483647;
			files = (
				840B0BDB1C5D12C800E5C807 /* TableViewManager.swift in Sources */,
				840B0BDE1C5E286C00E5C807 /* Blog.swift in Sources */,
				840B0BB61C5A210000E5C807 /* ViewController.swift in Sources */,
				840B0BD91C5D100C00E5C807 /* TableViewView.swift in Sources */,
				840B0BD71C5D0FDE00E5C807 /* TableViewObject.swift in Sources */,
				840B0BB41C5A210000E5C807 /* AppDelegate.swift in Sources */,
				840B0BD41C5B9F1200E5C807 /* MyCustomViewIn.swift in Sources */,
			);
			runOnlyForDeploymentPostprocessing = 0;
		};
/* End PBXSourcesBuildPhase section */

/* Begin PBXVariantGroup section */
		840B0BB71C5A210000E5C807 /* Main.storyboard */ = {
			isa = PBXVariantGroup;
			children = (
				840B0BB81C5A210000E5C807 /* Base */,
			);
			name = Main.storyboard;
			sourceTree = "<group>";
		};
/* End PBXVariantGroup section */

/* Begin XCBuildConfiguration section */
		840B0BC01C5A210000E5C807 /* Debug */ = {
			isa = XCBuildConfiguration;
			buildSettings = {
				ALWAYS_SEARCH_USER_PATHS = NO;
				CLANG_CXX_LANGUAGE_STANDARD = "gnu++0x";
				CLANG_CXX_LIBRARY = "libc++";
				CLANG_ENABLE_MODULES = YES;
				CLANG_ENABLE_OBJC_ARC = YES;
				CLANG_WARN_BOOL_CONVERSION = YES;
				CLANG_WARN_CONSTANT_CONVERSION = YES;
				CLANG_WARN_DIRECT_OBJC_ISA_USAGE = YES_ERROR;
				CLANG_WARN_EMPTY_BODY = YES;
				CLANG_WARN_ENUM_CONVERSION = YES;
				CLANG_WARN_INT_CONVERSION = YES;
				CLANG_WARN_OBJC_ROOT_CLASS = YES_ERROR;
				CLANG_WARN_UNREACHABLE_CODE = YES;
				CLANG_WARN__DUPLICATE_METHOD_MATCH = YES;
				"CODE_SIGN_IDENTITY[sdk=iphoneos*]" = "iPhone Developer";
				COPY_PHASE_STRIP = NO;
				DEBUG_INFORMATION_FORMAT = dwarf;
				ENABLE_STRICT_OBJC_MSGSEND = YES;
				ENABLE_TESTABILITY = YES;
				GCC_C_LANGUAGE_STANDARD = gnu99;
				GCC_DYNAMIC_NO_PIC = NO;
				GCC_NO_COMMON_BLOCKS = YES;
				GCC_OPTIMIZATION_LEVEL = 0;
				GCC_PREPROCESSOR_DEFINITIONS = (
					"DEBUG=1",
					"$(inherited)",
				);
				GCC_WARN_64_TO_32_BIT_CONVERSION = YES;
				GCC_WARN_ABOUT_RETURN_TYPE = YES_ERROR;
				GCC_WARN_UNDECLARED_SELECTOR = YES;
				GCC_WARN_UNINITIALIZED_AUTOS = YES_AGGRESSIVE;
				GCC_WARN_UNUSED_FUNCTION = YES;
				GCC_WARN_UNUSED_VARIABLE = YES;
				IPHONEOS_DEPLOYMENT_TARGET = 9.2;
				MTL_ENABLE_DEBUG_INFO = YES;
				ONLY_ACTIVE_ARCH = YES;
				SDKROOT = iphoneos;
				SWIFT_OPTIMIZATION_LEVEL = "-Onone";
			};
			name = Debug;
		};
		840B0BC11C5A210000E5C807 /* Release */ = {
			isa = XCBuildConfiguration;
			buildSettings = {
				ALWAYS_SEARCH_USER_PATHS = NO;
				CLANG_CXX_LANGUAGE_STANDARD = "gnu++0x";
				CLANG_CXX_LIBRARY = "libc++";
				CLANG_ENABLE_MODULES = YES;
				CLANG_ENABLE_OBJC_ARC = YES;
				CLANG_WARN_BOOL_CONVERSION = YES;
				CLANG_WARN_CONSTANT_CONVERSION = YES;
				CLANG_WARN_DIRECT_OBJC_ISA_USAGE = YES_ERROR;
				CLANG_WARN_EMPTY_BODY = YES;
				CLANG_WARN_ENUM_CONVERSION = YES;
				CLANG_WARN_INT_CONVERSION = YES;
				CLANG_WARN_OBJC_ROOT_CLASS = YES_ERROR;
				CLANG_WARN_UNREACHABLE_CODE = YES;
				CLANG_WARN__DUPLICATE_METHOD_MATCH = YES;
				"CODE_SIGN_IDENTITY[sdk=iphoneos*]" = "iPhone Developer";
				COPY_PHASE_STRIP = NO;
				DEBUG_INFORMATION_FORMAT = "dwarf-with-dsym";
				ENABLE_NS_ASSERTIONS = NO;
				ENABLE_STRICT_OBJC_MSGSEND = YES;
				GCC_C_LANGUAGE_STANDARD = gnu99;
				GCC_NO_COMMON_BLOCKS = YES;
				GCC_WARN_64_TO_32_BIT_CONVERSION = YES;
				GCC_WARN_ABOUT_RETURN_TYPE = YES_ERROR;
				GCC_WARN_UNDECLARED_SELECTOR = YES;
				GCC_WARN_UNINITIALIZED_AUTOS = YES_AGGRESSIVE;
				GCC_WARN_UNUSED_FUNCTION = YES;
				GCC_WARN_UNUSED_VARIABLE = YES;
				IPHONEOS_DEPLOYMENT_TARGET = 9.2;
				MTL_ENABLE_DEBUG_INFO = NO;
				SDKROOT = iphoneos;
				VALIDATE_PRODUCT = YES;
			};
			name = Release;
		};
		840B0BC31C5A210000E5C807 /* Debug */ = {
			isa = XCBuildConfiguration;
			buildSettings = {
				ASSETCATALOG_COMPILER_APPICON_NAME = AppIcon;
				CODE_SIGN_IDENTITY = "iPhone Developer";
				"CODE_SIGN_IDENTITY[sdk=iphoneos*]" = "iPhone Developer";
				INFOPLIST_FILE = test_CustomViewController/Info.plist;
				LD_RUNPATH_SEARCH_PATHS = "$(inherited) @executable_path/Frameworks";
				PRODUCT_BUNDLE_IDENTIFIER = "com.qwerty.test-CustomViewController";
				PRODUCT_NAME = "$(TARGET_NAME)";
				PROVISIONING_PROFILE = "";
			};
			name = Debug;
		};
		840B0BC41C5A210000E5C807 /* Release */ = {
			isa = XCBuildConfiguration;
			buildSettings = {
				ASSETCATALOG_COMPILER_APPICON_NAME = AppIcon;
				CODE_SIGN_IDENTITY = "iPhone Developer";
				"CODE_SIGN_IDENTITY[sdk=iphoneos*]" = "iPhone Developer";
				INFOPLIST_FILE = test_CustomViewController/Info.plist;
				LD_RUNPATH_SEARCH_PATHS = "$(inherited) @executable_path/Frameworks";
				PRODUCT_BUNDLE_IDENTIFIER = "com.qwerty.test-CustomViewController";
				PRODUCT_NAME = "$(TARGET_NAME)";
				PROVISIONING_PROFILE = "";
			};
			name = Release;
		};
/* End XCBuildConfiguration section */

/* Begin XCConfigurationList section */
		840B0BAB1C5A210000E5C807 /* Build configuration list for PBXProject "test_CustomViewController" */ = {
			isa = XCConfigurationList;
			buildConfigurations = (
				840B0BC01C5A210000E5C807 /* Debug */,
				840B0BC11C5A210000E5C807 /* Release */,
			);
			defaultConfigurationIsVisible = 0;
			defaultConfigurationName = Release;
		};
		840B0BC21C5A210000E5C807 /* Build configuration list for PBXNativeTarget "test_CustomViewController" */ = {
			isa = XCConfigurationList;
			buildConfigurations = (
				840B0BC31C5A210000E5C807 /* Debug */,
				840B0BC41C5A210000E5C807 /* Release */,
			);
			defaultConfigurationIsVisible = 0;
			defaultConfigurationName = Release;
		};
/* End XCConfigurationList section */
	};
	rootObject = 840B0BA81C5A210000E5C807 /* Project object */;
}
